
Microsoft Visual Studio Solution File, Format Version 12.00
# Visual Studio Version 17
VisualStudioVersion = 17.9.34607.119
MinimumVisualStudioVersion = 10.0.40219.1
Project("{FAE04EC0-301F-11D3-BF4B-00C04F79EFBC}") = "subComp", "subComp.csproj", "{E8D5F61E-F659-4BF1-8E46-DF4750C90956}"
EndProject
Global
	GlobalSection(SolutionConfigurationPlatforms) = preSolution
		Debug|Any CPU = Debug|Any CPU
		Release|Any CPU = Release|Any CPU
	EndGlobalSection
	GlobalSection(ProjectConfigurationPlatforms) = postSolution
		{E8D5F61E-F659-4BF1-8E46-DF4750C90956}.Debug|Any CPU.ActiveCfg = Debug|Any CPU
		{E8D5F61E-F659-4BF1-8E46-DF4750C90956}.Debug|Any CPU.Build.0 = Debug|Any CPU
		{E8D5F61E-F659-4BF1-8E46-DF4750C90956}.Release|Any CPU.ActiveCfg = Release|Any CPU
		{E8D5F61E-F659-4BF1-8E46-DF4750C90956}.Release|Any CPU.Build.0 = Release|Any CPU
	EndGlobalSection
	GlobalSection(SolutionProperties) = preSolution
		HideSolutionNode = FALSE
	EndGlobalSection
	GlobalSection(ExtensibilityGlobals) = postSolution
		SolutionGuid = {A2859490-DA6E-43EB-A620-0C702FFD9393}
	EndGlobalSection
EndGlobal
